
Microsoft Visual Studio Solution File, Format Version 12.00
# Visual Studio Version 17
VisualStudioVersion = 17.6.33712.159
MinimumVisualStudioVersion = 10.0.40219.1
Project("{9A19103F-16F7-4668-BE54-9A1E7A4F7556}") = "ZählBisNummerMethode", "ZählBisNummerMethode.csproj", "{73D15CDD-E017-4BAC-BBF9-0947A2248DCB}"
EndProject
Global
	GlobalSection(SolutionConfigurationPlatforms) = preSolution
		Debug|Any CPU = Debug|Any CPU
		Release|Any CPU = Release|Any CPU
	EndGlobalSection
	GlobalSection(ProjectConfigurationPlatforms) = postSolution
		{73D15CDD-E017-4BAC-BBF9-0947A2248DCB}.Debug|Any CPU.ActiveCfg = Debug|Any CPU
		{73D15CDD-E017-4BAC-BBF9-0947A2248DCB}.Debug|Any CPU.Build.0 = Debug|Any CPU
		{73D15CDD-E017-4BAC-BBF9-0947A2248DCB}.Release|Any CPU.ActiveCfg = Release|Any CPU
		{73D15CDD-E017-4BAC-BBF9-0947A2248DCB}.Release|Any CPU.Build.0 = Release|Any CPU
	EndGlobalSection
	GlobalSection(SolutionProperties) = preSolution
		HideSolutionNode = FALSE
	EndGlobalSection
	GlobalSection(ExtensibilityGlobals) = postSolution
		SolutionGuid = {392866E7-1091-488B-B0C6-D1D640337A52}
	EndGlobalSection
EndGlobal
